
Microsoft Visual Studio Solution File, Format Version 12.00
# Visual Studio Version 17
VisualStudioVersion = 17.7.34031.279
MinimumVisualStudioVersion = 10.0.40219.1
Project("{FAE04EC0-301F-11D3-BF4B-00C04F79EFBC}") = "GenericTestClassBase", "GenericTestClassBase\GenericTestClassBase.csproj", "{84CDB004-57A7-44B4-AC06-A1C6DF11A935}"
EndProject
Global
	GlobalSection(SolutionConfigurationPlatforms) = preSolution
		Debug|Any CPU = Debug|Any CPU
		Release|Any CPU = Release|Any CPU
	EndGlobalSection
	GlobalSection(ProjectConfigurationPlatforms) = postSolution
		{84CDB004-57A7-44B4-AC06-A1C6DF11A935}.Debug|Any CPU.ActiveCfg = Debug|Any CPU
		{84CDB004-57A7-44B4-AC06-A1C6DF11A935}.Debug|Any CPU.Build.0 = Debug|Any CPU
		{84CDB004-57A7-44B4-AC06-A1C6DF11A935}.Release|Any CPU.ActiveCfg = Release|Any CPU
		{84CDB004-57A7-44B4-AC06-A1C6DF11A935}.Release|Any CPU.Build.0 = Release|Any CPU
	EndGlobalSection
	GlobalSection(SolutionProperties) = preSolution
		HideSolutionNode = FALSE
	EndGlobalSection
	GlobalSection(ExtensibilityGlobals) = postSolution
		SolutionGuid = {F90C9D7D-96C3-4D9D-BA86-B521A72BC20E}
	EndGlobalSection
EndGlobal
